// !$*UTF8*$!
{
	archiveVersion = 1;
	classes = {
	};
	objectVersion = 48;
	objects = {

/* Begin PBXBuildFile section */
		3CE3B03A1F6B89FF00708582 /* AppDelegate.swift in Sources */ = {isa = PBXBuildFile; fileRef = 3CE3B0391F6B89FF00708582 /* AppDelegate.swift */; };
		3CE3B03C1F6B89FF00708582 /* art.scnassets in Resources */ = {isa = PBXBuildFile; fileRef = 3CE3B03B1F6B89FF00708582 /* art.scnassets */; };
		3CE3B03E1F6B89FF00708582 /* ViewController.swift in Sources */ = {isa = PBXBuildFile; fileRef = 3CE3B03D1F6B89FF00708582 /* ViewController.swift */; };
		3CE3B0411F6B89FF00708582 /* Main.storyboard in Resources */ = {isa = PBXBuildFile; fileRef = 3CE3B03F1F6B89FF00708582 /* Main.storyboard */; };
		3CE3B0431F6B89FF00708582 /* Assets.xcassets in Resources */ = {isa = PBXBuildFile; fileRef = 3CE3B0421F6B89FF00708582 /* Assets.xcassets */; };
		3CE3B0461F6B89FF00708582 /* LaunchScreen.storyboard in Resources */ = {isa = PBXBuildFile; fileRef = 3CE3B0441F6B89FF00708582 /* LaunchScreen.storyboard */; };
/* End PBXBuildFile section */

/* Begin PBXFileReference section */
		3CE3B0361F6B89FF00708582 /* ARMessage.app */ = {isa = PBXFileReference; explicitFileType = wrapper.application; includeInIndex = 0; path = ARMessage.app; sourceTree = BUILT_PRODUCTS_DIR; };
		3CE3B0391F6B89FF00708582 /* AppDelegate.swift */ = {isa = PBXFileReference; lastKnownFileType = sourcecode.swift; path = AppDelegate.swift; sourceTree = "<group>"; };
		3CE3B03B1F6B89FF00708582 /* art.scnassets */ = {isa = PBXFileReference; lastKnownFileType = wrapper.scnassets; path = art.scnassets; sourceTree = "<group>"; };
		3CE3B03D1F6B89FF00708582 /* ViewController.swift */ = {isa = PBXFileReference; lastKnownFileType = sourcecode.swift; path = ViewController.swift; sourceTree = "<group>"; };
		3CE3B0401F6B89FF00708582 /* Base */ = {isa = PBXFileReference; lastKnownFileType = file.storyboard; name = Base; path = Base.lproj/Main.storyboard; sourceTree = "<group>"; };
		3CE3B0421F6B89FF00708582 /* Assets.xcassets */ = {isa = PBXFileReference; lastKnownFileType = folder.assetcatalog; path = Assets.xcassets; sourceTree = "<group>"; };
		3CE3B0451F6B89FF00708582 /* Base */ = {isa = PBXFileReference; lastKnownFileType = file.storyboard; name = Base; path = Base.lproj/LaunchScreen.storyboard; sourceTree = "<group>"; };
		3CE3B0471F6B89FF00708582 /* Info.plist */ = {isa = PBXFileReference; lastKnownFileType = text.plist.xml; path = Info.plist; sourceTree = "<group>"; };
/* End PBXFileReference section */

/* Begin PBXFrameworksBuildPhase section */
		3CE3B0331F6B89FF00708582 /* Frameworks */ = {
			isa = PBXFrameworksBuildPhase;
			buildActionMask = 2147483647;
			files = (
			);
			runOnlyForDeploymentPostprocessing = 0;
		};
/* End PBXFrameworksBuildPhase section */

/* Begin PBXGroup section */
		3CE3B02D1F6B89FF00708582 = {
			isa = PBXGroup;
			children = (
				3CE3B0381F6B89FF00708582 /* ARMessage */,
				3CE3B0371F6B89FF00708582 /* Products */,
			);
			sourceTree = "<group>";
		};
		3CE3B0371F6B89FF00708582 /* Products */ = {
			isa = PBXGroup;
			children = (
				3CE3B0361F6B89FF00708582 /* ARMessage.app */,
			);
			name = Products;
			sourceTree = "<group>";
		};
		3CE3B0381F6B89FF00708582 /* ARMessage */ = {
			isa = PBXGroup;
			children = (
				3CE3B0391F6B89FF00708582 /* AppDelegate.swift */,
				3CE3B03B1F6B89FF00708582 /* art.scnassets */,
				3CE3B03D1F6B89FF00708582 /* ViewController.swift */,
				3CE3B03F1F6B89FF00708582 /* Main.storyboard */,
				3CE3B0421F6B89FF00708582 /* Assets.xcassets */,
				3CE3B0441F6B89FF00708582 /* LaunchScreen.storyboard */,
				3CE3B0471F6B89FF00708582 /* Info.plist */,
			);
			path = ARMessage;
			sourceTree = "<group>";
		};
/* End PBXGroup section */

/* Begin PBXNativeTarget section */
		3CE3B0351F6B89FF00708582 /* ARMessage */ = {
			isa = PBXNativeTarget;
			buildConfigurationList = 3CE3B04A1F6B89FF00708582 /* Build configuration list for PBXNativeTarget "ARMessage" */;
			buildPhases = (
				3CE3B0321F6B89FF00708582 /* Sources */,
				3CE3B0331F6B89FF00708582 /* Frameworks */,
				3CE3B0341F6B89FF00708582 /* Resources */,
			);
			buildRules = (
			);
			dependencies = (
			);
			name = ARMessage;
			productName = ARMessage;
			productReference = 3CE3B0361F6B89FF00708582 /* ARMessage.app */;
			productType = "com.apple.product-type.application";
		};
/* End PBXNativeTarget section */

/* Begin PBXProject section */
		3CE3B02E1F6B89FF00708582 /* Project object */ = {
			isa = PBXProject;
			attributes = {
				LastSwiftUpdateCheck = 0900;
				LastUpgradeCheck = 0900;
				ORGANIZATIONNAME = "孙港";
				TargetAttributes = {
					3CE3B0351F6B89FF00708582 = {
						CreatedOnToolsVersion = 9.0;
						ProvisioningStyle = Automatic;
					};
				};
			};
			buildConfigurationList = 3CE3B0311F6B89FF00708582 /* Build configuration list for PBXProject "ARMessage" */;
			compatibilityVersion = "Xcode 8.0";
			developmentRegion = en;
			hasScannedForEncodings = 0;
			knownRegions = (
				en,
				Base,
			);
			mainGroup = 3CE3B02D1F6B89FF00708582;
			productRefGroup = 3CE3B0371F6B89FF00708582 /* Products */;
			projectDirPath = "";
			projectRoot = "";
			targets = (
				3CE3B0351F6B89FF00708582 /* ARMessage */,
			);
		};
/* End PBXProject section */

/* Begin PBXResourcesBuildPhase section */
		3CE3B0341F6B89FF00708582 /* Resources */ = {
			isa = PBXResourcesBuildPhase;
			buildActionMask = 2147483647;
			files = (
				3CE3B03C1F6B89FF00708582 /* art.scnassets in Resources */,
				3CE3B0461F6B89FF00708582 /* LaunchScreen.storyboard in Resources */,
				3CE3B0431F6B89FF00708582 /* Assets.xcassets in Resources */,
				3CE3B0411F6B89FF00708582 /* Main.storyboard in Resources */,
			);
			runOnlyForDeploymentPostprocessing = 0;
		};
/* End PBXResourcesBuildPhase section */

/* Begin PBXSourcesBuildPhase section */
		3CE3B0321F6B89FF00708582 /* Sources */ = {
			isa = PBXSourcesBuildPhase;
			buildActionMask = 2147483647;
			files = (
				3CE3B03E1F6B89FF00708582 /* ViewController.swift in Sources */,
				3CE3B03A1F6B89FF00708582 /* AppDelegate.swift in Sources */,
			);
			runOnlyForDeploymentPostprocessing = 0;
		};
/* End PBXSourcesBuildPhase section */

/* Begin PBXVariantGroup section */
		3CE3B03F1F6B89FF00708582 /* Main.storyboard */ = {
			isa = PBXVariantGroup;
			children = (
				3CE3B0401F6B89FF00708582 /* Base */,
			);
			name = Main.storyboard;
			sourceTree = "<group>";
		};
		3CE3B0441F6B89FF00708582 /* LaunchScreen.storyboard */ = {
			isa = PBXVariantGroup;
			children = (
				3CE3B0451F6B89FF00708582 /* Base */,
			);
			name = LaunchScreen.storyboard;
			sourceTree = "<group>";
		};
/* End PBXVariantGroup section */

/* Begin XCBuildConfiguration section */
		3CE3B0481F6B89FF00708582 /* Debug */ = {
			isa = XCBuildConfiguration;
			buildSettings = {
				ALWAYS_SEARCH_USER_PATHS = NO;
				CLANG_ANALYZER_NONNULL = YES;
				CLANG_ANALYZER_NUMBER_OBJECT_CONVERSION = YES_AGGRESSIVE;
				CLANG_CXX_LANGUAGE_STANDARD = "gnu++14";
				CLANG_CXX_LIBRARY = "libc++";
				CLANG_ENABLE_MODULES = YES;
				CLANG_ENABLE_OBJC_ARC = YES;
				CLANG_WARN_BLOCK_CAPTURE_AUTORELEASING = YES;
				CLANG_WARN_BOOL_CONVERSION = YES;
				CLANG_WARN_COMMA = YES;
				CLANG_WARN_CONSTANT_CONVERSION = YES;
				CLANG_WARN_DIRECT_OBJC_ISA_USAGE = YES_ERROR;
				CLANG_WARN_DOCUMENTATION_COMMENTS = YES;
				CLANG_WARN_EMPTY_BODY = YES;
				CLANG_WARN_ENUM_CONVERSION = YES;
				CLANG_WARN_INFINITE_RECURSION = YES;
				CLANG_WARN_INT_CONVERSION = YES;
				CLANG_WARN_NON_LITERAL_NULL_CONVERSION = YES;
				CLANG_WARN_OBJC_LITERAL_CONVERSION = YES;
				CLANG_WARN_OBJC_ROOT_CLASS = YES_ERROR;
				CLANG_WARN_RANGE_LOOP_ANALYSIS = YES;
				CLANG_WARN_STRICT_PROTOTYPES = YES;
				CLANG_WARN_SUSPICIOUS_MOVE = YES;
				CLANG_WARN_UNGUARDED_AVAILABILITY = YES_AGGRESSIVE;
				CLANG_WARN_UNREACHABLE_CODE = YES;
				CLANG_WARN__DUPLICATE_METHOD_MATCH = YES;
				CODE_SIGN_IDENTITY = "iPhone Developer";
				COPY_PHASE_STRIP = NO;
				DEBUG_INFORMATION_FORMAT = dwarf;
				ENABLE_STRICT_OBJC_MSGSEND = YES;
				ENABLE_TESTABILITY = YES;
				GCC_C_LANGUAGE_STANDARD = gnu11;
				GCC_DYNAMIC_NO_PIC = NO;
				GCC_NO_COMMON_BLOCKS = YES;
				GCC_OPTIMIZATION_LEVEL = 0;
				GCC_PREPROCESSOR_DEFINITIONS = (
					"DEBUG=1",
					"$(inherited)",
				);
				GCC_WARN_64_TO_32_BIT_CONVERSION = YES;
				GCC_WARN_ABOUT_RETURN_TYPE = YES_ERROR;
				GCC_WARN_UNDECLARED_SELECTOR = YES;
				GCC_WARN_UNINITIALIZED_AUTOS = YES_AGGRESSIVE;
				GCC_WARN_UNUSED_FUNCTION = YES;
				GCC_WARN_UNUSED_VARIABLE = YES;
				IPHONEOS_DEPLOYMENT_TARGET = 11.0;
				MTL_ENABLE_DEBUG_INFO = YES;
				ONLY_ACTIVE_ARCH = YES;
				SDKROOT = iphoneos;
				SWIFT_ACTIVE_COMPILATION_CONDITIONS = DEBUG;
				SWIFT_OPTIMIZATION_LEVEL = "-Onone";
			};
			name = Debug;
		};
		3CE3B0491F6B89FF00708582 /* Release */ = {
			isa = XCBuildConfiguration;
			buildSettings = {
				ALWAYS_SEARCH_USER_PATHS = NO;
				CLANG_ANALYZER_NONNULL = YES;
				CLANG_ANALYZER_NUMBER_OBJECT_CONVERSION = YES_AGGRESSIVE;
				CLANG_CXX_LANGUAGE_STANDARD = "gnu++14";
				CLANG_CXX_LIBRARY = "libc++";
				CLANG_ENABLE_MODULES = YES;
				CLANG_ENABLE_OBJC_ARC = YES;
				CLANG_WARN_BLOCK_CAPTURE_AUTORELEASING = YES;
				CLANG_WARN_BOOL_CONVERSION = YES;
				CLANG_WARN_COMMA = YES;
				CLANG_WARN_CONSTANT_CONVERSION = YES;
				CLANG_WARN_DIRECT_OBJC_ISA_USAGE = YES_ERROR;
				CLANG_WARN_DOCUMENTATION_COMMENTS = YES;
				CLANG_WARN_EMPTY_BODY = YES;
				CLANG_WARN_ENUM_CONVERSION = YES;
				CLANG_WARN_INFINITE_RECURSION = YES;
				CLANG_WARN_INT_CONVERSION = YES;
				CLANG_WARN_NON_LITERAL_NULL_CONVERSION = YES;
				CLANG_WARN_OBJC_LITERAL_CONVERSION = YES;
				CLANG_WARN_OBJC_ROOT_CLASS = YES_ERROR;
				CLANG_WARN_RANGE_LOOP_ANALYSIS = YES;
				CLANG_WARN_STRICT_PROTOTYPES = YES;
				CLANG_WARN_SUSPICIOUS_MOVE = YES;
				CLANG_WARN_UNGUARDED_AVAILABILITY = YES_AGGRESSIVE;
				CLANG_WARN_UNREACHABLE_CODE = YES;
				CLANG_WARN__DUPLICATE_METHOD_MATCH = YES;
				CODE_SIGN_IDENTITY = "iPhone Developer";
				COPY_PHASE_STRIP = NO;
				DEBUG_INFORMATION_FORMAT = "dwarf-with-dsym";
				ENABLE_NS_ASSERTIONS = NO;
				ENABLE_STRICT_OBJC_MSGSEND = YES;
				GCC_C_LANGUAGE_STANDARD = gnu11;
				GCC_NO_COMMON_BLOCKS = YES;
				GCC_WARN_64_TO_32_BIT_CONVERSION = YES;
				GCC_WARN_ABOUT_RETURN_TYPE = YES_ERROR;
				GCC_WARN_UNDECLARED_SELECTOR = YES;
				GCC_WARN_UNINITIALIZED_AUTOS = YES_AGGRESSIVE;
				GCC_WARN_UNUSED_FUNCTION = YES;
				GCC_WARN_UNUSED_VARIABLE = YES;
				IPHONEOS_DEPLOYMENT_TARGET = 11.0;
				MTL_ENABLE_DEBUG_INFO = NO;
				SDKROOT = iphoneos;
				SWIFT_OPTIMIZATION_LEVEL = "-Owholemodule";
				VALIDATE_PRODUCT = YES;
			};
			name = Release;
		};
		3CE3B04B1F6B89FF00708582 /* Debug */ = {
			isa = XCBuildConfiguration;
			buildSettings = {
				ASSETCATALOG_COMPILER_APPICON_NAME = AppIcon;
				CODE_SIGN_STYLE = Automatic;
				DEVELOPMENT_TEAM = 4GA6Q39Y7H;
				INFOPLIST_FILE = ARMessage/Info.plist;
				LD_RUNPATH_SEARCH_PATHS = "$(inherited) @executable_path/Frameworks";
				PRODUCT_BUNDLE_IDENTIFIER = sungang.ARMessage;
				PRODUCT_NAME = "$(TARGET_NAME)";
				SWIFT_VERSION = 4.0;
				TARGETED_DEVICE_FAMILY = "1,2";
			};
			name = Debug;
		};
		3CE3B04C1F6B89FF00708582 /* Release */ = {
			isa = XCBuildConfiguration;
			buildSettings = {
				ASSETCATALOG_COMPILER_APPICON_NAME = AppIcon;
				CODE_SIGN_STYLE = Automatic;
				DEVELOPMENT_TEAM = 4GA6Q39Y7H;
				INFOPLIST_FILE = ARMessage/Info.plist;
				LD_RUNPATH_SEARCH_PATHS = "$(inherited) @executable_path/Frameworks";
				PRODUCT_BUNDLE_IDENTIFIER = sungang.ARMessage;
				PRODUCT_NAME = "$(TARGET_NAME)";
				SWIFT_VERSION = 4.0;
				TARGETED_DEVICE_FAMILY = "1,2";
			};
			name = Release;
		};
/* End XCBuildConfiguration section */

/* Begin XCConfigurationList section */
		3CE3B0311F6B89FF00708582 /* Build configuration list for PBXProject "ARMessage" */ = {
			isa = XCConfigurationList;
			buildConfigurations = (
				3CE3B0481F6B89FF00708582 /* Debug */,
				3CE3B0491F6B89FF00708582 /* Release */,
			);
			defaultConfigurationIsVisible = 0;
			defaultConfigurationName = Release;
		};
		3CE3B04A1F6B89FF00708582 /* Build configuration list for PBXNativeTarget "ARMessage" */ = {
			isa = XCConfigurationList;
			buildConfigurations = (
				3CE3B04B1F6B89FF00708582 /* Debug */,
				3CE3B04C1F6B89FF00708582 /* Release */,
			);
			defaultConfigurationIsVisible = 0;
			defaultConfigurationName = Release;
		};
/* End XCConfigurationList section */
	};
	rootObject = 3CE3B02E1F6B89FF00708582 /* Project object */;
}
